{
  "name": "ecomtogo",
  "lockfileVersion": 3,
  "requires": true,
  "packages": {
    "": {
      "dependencies": {
        "create-app": "^2.1.0"
      }
    },
    "node_modules/create-app": {
      "version": "2.1.0",
      "resolved": "https://registry.npmjs.org/create-app/-/create-app-2.1.0.tgz",
      "integrity": "sha512-l5BpRKaqWDYBKYet9bGb5Uykaydf9P/3db52z8n/IxuEuqK2ws0uv4az3cnAXorqjgIdXgGQCWMf0VyR2r0N/g==",
      "dependencies": {
        "create-history": "^2.1.0",
        "path-to-regexp": "^1.7.0"
      }
    },
    "node_modules/create-history": {
      "version": "2.1.1",
      "resolved": "https://registry.npmjs.org/create-history/-/create-history-2.1.1.tgz",
      "integrity": "sha512-N9SrJvIhOSSBin/weI28eZ1KA/L0Nn+nSyi5dO3gSk8SsJQq9OomT4IeDfpwUpQNnbZnlbrVsbntYEAL1xz/qQ==",
      "dependencies": {
        "tiny-invariant": "^1.1.0",
        "tiny-warning": "^1.0.3"
      },
      "engines": {
        "node": ">=8.0.0"
      }
    },
    "node_modules/isarray": {
      "version": "0.0.1",
      "resolved": "https://registry.npmjs.org/isarray/-/isarray-0.0.1.tgz",
      "integrity": "sha512-D2S+3GLxWH+uhrNEcoh/fnmYeP8E8/zHl644d/jdA0g2uyXvy3sb0qxotE+ne0LtccHknQzWwZEzhak7oJ0COQ=="
    },
    "node_modules/path-to-regexp": {
      "version": "1.8.0",
      "resolved": "https://registry.npmjs.org/path-to-regexp/-/path-to-regexp-1.8.0.tgz",
      "integrity": "sha512-n43JRhlUKUAlibEJhPeir1ncUID16QnEjNpwzNdO3Lm4ywrBpBZ5oLD0I6br9evr1Y9JTqwRtAh7JLoOzAQdVA==",
      "dependencies": {
        "isarray": "0.0.1"
      }
    },
    "node_modules/tiny-invariant": {
      "version": "1.3.3",
      "resolved": "https://registry.npmjs.org/tiny-invariant/-/tiny-invariant-1.3.3.tgz",
      "integrity": "sha512-+FbBPE1o9QAYvviau/qC5SE3caw21q3xkvWKBtja5vgqOWIHHJ3ioaq1VPfn/Szqctz2bU/oYeKd9/z5BL+PVg=="
    },
    "node_modules/tiny-warning": {
      "version": "1.0.3",
      "resolved": "https://registry.npmjs.org/tiny-warning/-/tiny-warning-1.0.3.tgz",
      "integrity": "sha512-lBN9zLN/oAf68o3zNXYrdCt1kP8WsiGW8Oo2ka41b2IM5JL/S1CTyX1rW0mb/zSuJun0ZUrDxx4sqvYS2FWzPA=="
    }
  }
}
